
Microsoft Visual Studio Solution File, Format Version 12.00
# Visual Studio Version 17
VisualStudioVersion = 17.2.32602.215
MinimumVisualStudioVersion = 10.0.40219.1
Project("{FAE04EC0-301F-11D3-BF4B-00C04F79EFBC}") = "TtxGenerator.net", "TtxGenerator.net.csproj", "{6F2C7595-F7D1-4C58-8C58-C64FD7A0CAEB}"
EndProject
Global
	GlobalSection(SolutionConfigurationPlatforms) = preSolution
		Debug|Any CPU = Debug|Any CPU
		Release|Any CPU = Release|Any CPU
	EndGlobalSection
	GlobalSection(ProjectConfigurationPlatforms) = postSolution
		{6F2C7595-F7D1-4C58-8C58-C64FD7A0CAEB}.Debug|Any CPU.ActiveCfg = Debug|Any CPU
		{6F2C7595-F7D1-4C58-8C58-C64FD7A0CAEB}.Debug|Any CPU.Build.0 = Debug|Any CPU
		{6F2C7595-F7D1-4C58-8C58-C64FD7A0CAEB}.Release|Any CPU.ActiveCfg = Release|Any CPU
		{6F2C7595-F7D1-4C58-8C58-C64FD7A0CAEB}.Release|Any CPU.Build.0 = Release|Any CPU
	EndGlobalSection
	GlobalSection(SolutionProperties) = preSolution
		HideSolutionNode = FALSE
	EndGlobalSection
	GlobalSection(ExtensibilityGlobals) = postSolution
		SolutionGuid = {32E6C634-42FC-4DB5-8952-63759E3F90F3}
	EndGlobalSection
EndGlobal
